
Microsoft Visual Studio Solution File, Format Version 12.00
# Visual Studio Version 16
VisualStudioVersion = 16.0.30011.22
MinimumVisualStudioVersion = 10.0.40219.1
Project("{8BC9CEB8-8B4A-11D0-8D11-00A0C91BC942}") = "ButiLibrary", "Libs\Library\Library.vcxitems", "{9AE3373A-703B-4893-9376-0AF3BB6083D1}"
EndProject
Project("{8BC9CEB8-8B4A-11D0-8D11-00A0C91BC942}") = "ButiEngine_User", "ButiEngine_User\ButiEngine_User.vcxproj", "{EE1DB934-8A58-4A17-AF89-8BCEDCBD827A}"
EndProject
Global
	GlobalSection(SharedMSBuildProjectFiles) = preSolution
		Libs\Library\Library.vcxitems*{9ae3373a-703b-4893-9376-0af3bb6083d1}*SharedItemsImports = 9
	EndGlobalSection
	GlobalSection(SolutionConfigurationPlatforms) = preSolution
		Debug|ARM = Debug|ARM
		Debug|ARM64 = Debug|ARM64
		Debug|x64 = Debug|x64
		Debug|x86 = Debug|x86
		Dx11_Debug|ARM = Dx11_Debug|ARM
		Dx11_Debug|ARM64 = Dx11_Debug|ARM64
		Dx11_Debug|x64 = Dx11_Debug|x64
		Dx11_Debug|x86 = Dx11_Debug|x86
		Release|ARM = Release|ARM
		Release|ARM64 = Release|ARM64
		Release|x64 = Release|x64
		Release|x86 = Release|x86
	EndGlobalSection
	GlobalSection(ProjectConfigurationPlatforms) = postSolution
		{EE1DB934-8A58-4A17-AF89-8BCEDCBD827A}.Debug|ARM.ActiveCfg = Debug|Win32
		{EE1DB934-8A58-4A17-AF89-8BCEDCBD827A}.Debug|ARM64.ActiveCfg = Debug|Win32
		{EE1DB934-8A58-4A17-AF89-8BCEDCBD827A}.Debug|x64.ActiveCfg = Debug|x64
		{EE1DB934-8A58-4A17-AF89-8BCEDCBD827A}.Debug|x64.Build.0 = Debug|x64
		{EE1DB934-8A58-4A17-AF89-8BCEDCBD827A}.Debug|x86.ActiveCfg = Debug|Win32
		{EE1DB934-8A58-4A17-AF89-8BCEDCBD827A}.Debug|x86.Build.0 = Debug|Win32
		{EE1DB934-8A58-4A17-AF89-8BCEDCBD827A}.Dx11_Debug|ARM.ActiveCfg = Debug|Win32
		{EE1DB934-8A58-4A17-AF89-8BCEDCBD827A}.Dx11_Debug|ARM.Build.0 = Debug|Win32
		{EE1DB934-8A58-4A17-AF89-8BCEDCBD827A}.Dx11_Debug|ARM64.ActiveCfg = Debug|Win32
		{EE1DB934-8A58-4A17-AF89-8BCEDCBD827A}.Dx11_Debug|ARM64.Build.0 = Debug|Win32
		{EE1DB934-8A58-4A17-AF89-8BCEDCBD827A}.Dx11_Debug|x64.ActiveCfg = Debug|x64
		{EE1DB934-8A58-4A17-AF89-8BCEDCBD827A}.Dx11_Debug|x64.Build.0 = Debug|x64
		{EE1DB934-8A58-4A17-AF89-8BCEDCBD827A}.Dx11_Debug|x86.ActiveCfg = Debug|Win32
		{EE1DB934-8A58-4A17-AF89-8BCEDCBD827A}.Dx11_Debug|x86.Build.0 = Debug|Win32
		{EE1DB934-8A58-4A17-AF89-8BCEDCBD827A}.Release|ARM.ActiveCfg = Release|Win32
		{EE1DB934-8A58-4A17-AF89-8BCEDCBD827A}.Release|ARM64.ActiveCfg = Release|Win32
		{EE1DB934-8A58-4A17-AF89-8BCEDCBD827A}.Release|x64.ActiveCfg = Release|x64
		{EE1DB934-8A58-4A17-AF89-8BCEDCBD827A}.Release|x64.Build.0 = Release|x64
		{EE1DB934-8A58-4A17-AF89-8BCEDCBD827A}.Release|x86.ActiveCfg = Release|Win32
		{EE1DB934-8A58-4A17-AF89-8BCEDCBD827A}.Release|x86.Build.0 = Release|Win32
	EndGlobalSection
	GlobalSection(SolutionProperties) = preSolution
		HideSolutionNode = FALSE
	EndGlobalSection
	GlobalSection(ExtensibilityGlobals) = postSolution
		SolutionGuid = {0F48904B-D586-4128-9FF1-EE49B5B886EF}
	EndGlobalSection
EndGlobal
