<?xml version="1.0" encoding="utf-8"?>
<Project ToolsVersion="4.0" xmlns="http://schemas.microsoft.com/developer/msbuild/2003">
  <ItemGroup>
    <ClCompile Include="ArrowEffectComponent.cpp" />
    <ClCompile Include="BackGround.cpp" />
    <ClCompile Include="BlockComponent.cpp" />
    <ClCompile Include="BurstManagerComponent.cpp" />
    <ClCompile Include="CameraController.cpp" />
    <ClCompile Include="CameraMeshComponent.cpp" />
    <ClCompile Include="DefaultGameComponent.cpp" />
    <ClCompile Include="DefaultGoalComponent.cpp" />
    <ClCompile Include="EasyGoalComponent.cpp" />
    <ClCompile Include="GameSettings.cpp" />
    <ClCompile Include="GoalAuraComponent.cpp" />
    <ClCompile Include="InvisibleBlockComponent.cpp" />
    <ClCompile Include="InvisibleBlockManagerComponent.cpp" />
    <ClCompile Include="main.cpp" />
    <ClCompile Include="MapComponent.cpp" />
    <ClCompile Include="MapEditorComponent.cpp" />
    <ClCompile Include="NumberManagerComponent.cpp" />
    <ClCompile Include="PlayerBehavior.cpp" />
    <ClCompile Include="PlayerCameraComponent.cpp" />
    <ClCompile Include="RippleComponent.cpp" />
    <ClCompile Include="ShakeComponent.cpp" />
    <ClCompile Include="StageSelectManagerComponent.cpp" />
    <ClCompile Include="StartPlayerDirectingComponent.cpp" />
    <ClCompile Include="stdafx.cpp" />
    <ClCompile Include="TestBehavior.cpp" />
    <ClCompile Include="TestGameComponent.cpp" />
    <ClCompile Include="TitleBlockComponent.cpp" />
    <ClCompile Include="TitleManagerComponent.cpp" />
    <ClCompile Include="InvisibleBlockAuraComponent.cpp" />
  </ItemGroup>
  <ItemGroup>
    <ClInclude Include="ArrowEffectComponent.h" />
    <ClInclude Include="BackGround.h" />
    <ClInclude Include="BlockComponent.h" />
    <ClInclude Include="BurstManagerComponent.h" />
    <ClInclude Include="ButiEngineHeader.h" />
    <ClInclude Include="CameraController.h" />
    <ClInclude Include="CameraMeshComponent.h" />
    <ClInclude Include="DefaultGoalComponent.h" />
    <ClInclude Include="EasyGoalComponent.h" />
    <ClInclude Include="GameSettings.h" />
    <ClInclude Include="GoalAuraComponent.h" />
    <ClInclude Include="InvisibleBlockComponent.h" />
    <ClInclude Include="InvisibleBlockManagerComponent.h" />
    <ClInclude Include="MapComponent.h" />
    <ClInclude Include="MapEditorComponent.h" />
    <ClInclude Include="NumberManagerComponent.h" />
    <ClInclude Include="PlayerBehavior.h" />
    <ClInclude Include="PlayerCameraComponent.h" />
    <ClInclude Include="RippleComponent.h" />
    <ClInclude Include="ShakeComponent.h" />
    <ClInclude Include="StageSelectManagerComponent.h" />
    <ClInclude Include="StartPlayerDirectingComponent.h" />
    <ClInclude Include="stdafx.h" />
    <ClInclude Include="stdafx_u.h" />
    <ClInclude Include="TestBehavior.h" />
    <ClInclude Include="TestGameComponent.h" />
    <ClInclude Include="TitleBlockComponent.h" />
    <ClInclude Include="TitleManagerComponent.h" />
    <ClInclude Include="InvisibleBlockAuraComponent.h" />
  </ItemGroup>
</Project>